{
  "name": "@fenekito/running-in",
  "version": "1.1.0",
  "lockfileVersion": 3,
  "requires": true,
  "packages": {
    "": {
      "name": "@fenekito/running-in",
      "version": "1.1.0",
      "license": "MIT",
      "funding": {
        "url": "https://paypal.com/donate/?hosted_button_id=X28RH2CTVPMF6"
      }
    }
  }
}
